// !$*UTF8*$!
{
	archiveVersion = 1;
	classes = {
	};
	objectVersion = 77;
	objects = {

/* Begin PBXBuildFile section */
		11355F812FE6483500C5FB1B /* README.md in Resources */ = {isa = PBXBuildFile; fileRef = 11355F802FE6483500C5FB1B /* README.md */; };
		11355F9F2FE64DF200C5FB1B /* Assets.xcassets in Resources */ = {isa = PBXBuildFile; fileRef = 11355F972FE64DF200C5FB1B /* Assets.xcassets */; };
		11355FA02FE64DF200C5FB1B /* TVGuideViewModel.swift in Sources */ = {isa = PBXBuildFile; fileRef = 11355F9D2FE64DF200C5FB1B /* TVGuideViewModel.swift */; };
		11355FA12FE64DF200C5FB1B /* TVService.swift in Sources */ = {isa = PBXBuildFile; fileRef = 11355F9B2FE64DF200C5FB1B /* TVService.swift */; };
		11355FA22FE64DF200C5FB1B /* GuiaTVApp.swift in Sources */ = {isa = PBXBuildFile; fileRef = 11355F982FE64DF200C5FB1B /* GuiaTVApp.swift */; };
		11355FA32FE64DF200C5FB1B /* TVProgram.swift in Sources */ = {isa = PBXBuildFile; fileRef = 11355F992FE64DF200C5FB1B /* TVProgram.swift */; };
		11355FA82FE64E6F00C5FB1B /* ContentView.swift in Sources */ = {isa = PBXBuildFile; fileRef = 11355FA62FE64E6F00C5FB1B /* ContentView.swift */; };
		11355FAA2FE6C8E100C5FB1B /* ProgramDetailView.swift in Sources */ = {isa = PBXBuildFile; fileRef = 11355FA92FE6C8DA00C5FB1B /* ProgramDetailView.swift */; };
		11355FAC2FE6CC3C00C5FB1B /* String+Extensions.swift in Sources */ = {isa = PBXBuildFile; fileRef = 11355FAB2FE6CC3C00C5FB1B /* String+Extensions.swift */; };
		116568052FE740C600314008 /* TVServiceError.swift in Sources */ = {isa = PBXBuildFile; fileRef = 116568042FE740C600314008 /* TVServiceError.swift */; };
		116568082FE740DB00314008 /* CacheService.swift in Sources */ = {isa = PBXBuildFile; fileRef = 116568062FE740DB00314008 /* CacheService.swift */; };
		116568092FE740DB00314008 /* DependencyContainer.swift in Sources */ = {isa = PBXBuildFile; fileRef = 116568072FE740DB00314008 /* DependencyContainer.swift */; };
		1165680C2FE7415600314008 /* SkeletonLoadingView.swift in Sources */ = {isa = PBXBuildFile; fileRef = 1165680B2FE7415600314008 /* SkeletonLoadingView.swift */; };
		1165680D2FE7415600314008 /* EmptyStateView.swift in Sources */ = {isa = PBXBuildFile; fileRef = 1165680A2FE7415600314008 /* EmptyStateView.swift */; };
		1165680E2FE7416000314008 /* TVMazeScheduleItem.swift in Sources */ = {isa = PBXBuildFile; fileRef = 1165680F2FE7416000314008 /* TVMazeScheduleItem.swift */; };
/* End PBXBuildFile section */

/* Begin PBXContainerItemProxy section */
		11956B6C2FE76BA3004345E1 /* PBXContainerItemProxy */ = {
			isa = PBXContainerItemProxy;
			containerPortal = 11355F542FE632E700C5FB1B /* Project object */;
			proxyType = 1;
			remoteGlobalIDString = 11355F5B2FE632E700C5FB1B;
			remoteInfo = "Guia TV";
		};
/* End PBXContainerItemProxy section */

/* Begin PBXFileReference section */
		11355F802FE6483500C5FB1B /* README.md */ = {isa = PBXFileReference; lastKnownFileType = net.daringfireball.markdown; path = README.md; sourceTree = "<group>"; };
		11355F972FE64DF200C5FB1B /* Assets.xcassets */ = {isa = PBXFileReference; lastKnownFileType = folder.assetcatalog; path = Assets.xcassets; sourceTree = "<group>"; };
		11355F982FE64DF200C5FB1B /* GuiaTVApp.swift */ = {isa = PBXFileReference; lastKnownFileType = sourcecode.swift; path = GuiaTVApp.swift; sourceTree = "<group>"; };
		11355F992FE64DF200C5FB1B /* TVProgram.swift */ = {isa = PBXFileReference; lastKnownFileType = sourcecode.swift; path = TVProgram.swift; sourceTree = "<group>"; };
		11355F9B2FE64DF200C5FB1B /* TVService.swift */ = {isa = PBXFileReference; lastKnownFileType = sourcecode.swift; path = TVService.swift; sourceTree = "<group>"; };
		11355F9D2FE64DF200C5FB1B /* TVGuideViewModel.swift */ = {isa = PBXFileReference; lastKnownFileType = sourcecode.swift; path = TVGuideViewModel.swift; sourceTree = "<group>"; };
		11355FA62FE64E6F00C5FB1B /* ContentView.swift */ = {isa = PBXFileReference; lastKnownFileType = sourcecode.swift; path = ContentView.swift; sourceTree = "<group>"; };
		11355FA92FE6C8DA00C5FB1B /* ProgramDetailView.swift */ = {isa = PBXFileReference; lastKnownFileType = sourcecode.swift; path = ProgramDetailView.swift; sourceTree = "<group>"; };
		11355FAB2FE6CC3C00C5FB1B /* String+Extensions.swift */ = {isa = PBXFileReference; lastKnownFileType = sourcecode.swift; path = "String+Extensions.swift"; sourceTree = "<group>"; };
		116568042FE740C600314008 /* TVServiceError.swift */ = {isa = PBXFileReference; lastKnownFileType = sourcecode.swift; path = TVServiceError.swift; sourceTree = "<group>"; };
		116568062FE740DB00314008 /* CacheService.swift */ = {isa = PBXFileReference; lastKnownFileType = sourcecode.swift; path = CacheService.swift; sourceTree = "<group>"; };
		116568072FE740DB00314008 /* DependencyContainer.swift */ = {isa = PBXFileReference; lastKnownFileType = sourcecode.swift; path = DependencyContainer.swift; sourceTree = "<group>"; };
		1165680A2FE7415600314008 /* EmptyStateView.swift */ = {isa = PBXFileReference; lastKnownFileType = sourcecode.swift; path = EmptyStateView.swift; sourceTree = "<group>"; };
		1165680B2FE7415600314008 /* SkeletonLoadingView.swift */ = {isa = PBXFileReference; lastKnownFileType = sourcecode.swift; path = SkeletonLoadingView.swift; sourceTree = "<group>"; };
		1165680F2FE7416000314008 /* TVMazeScheduleItem.swift */ = {isa = PBXFileReference; lastKnownFileType = sourcecode.swift; path = TVMazeScheduleItem.swift; sourceTree = "<group>"; };
		118FD7BD2FE73C9C0085AF65 /* GuiaTV.app */ = {isa = PBXFileReference; explicitFileType = wrapper.application; includeInIndex = 0; path = GuiaTV.app; sourceTree = BUILT_PRODUCTS_DIR; };
		11956B682FE76BA2004345E1 /* GuiaTVTests.xctest */ = {isa = PBXFileReference; explicitFileType = wrapper.cfbundle; includeInIndex = 0; path = GuiaTVTests.xctest; sourceTree = BUILT_PRODUCTS_DIR; };
/* End PBXFileReference section */

/* Begin PBXFileSystemSynchronizedRootGroup section */
		11355F822FE649BD00C5FB1B /* docs */ = {
			isa = PBXFileSystemSynchronizedRootGroup;
			path = docs;
			sourceTree = "<group>";
		};
		11956B692FE76BA2004345E1 /* GuiaTVTests */ = {
			isa = PBXFileSystemSynchronizedRootGroup;
			path = GuiaTVTests;
			sourceTree = "<group>";
		};
/* End PBXFileSystemSynchronizedRootGroup section */

/* Begin PBXFrameworksBuildPhase section */
		11355F592FE632E700C5FB1B /* Frameworks */ = {
			isa = PBXFrameworksBuildPhase;
			buildActionMask = 2147483647;
			files = (
			);
			runOnlyForDeploymentPostprocessing = 0;
		};
		11956B652FE76BA2004345E1 /* Frameworks */ = {
			isa = PBXFrameworksBuildPhase;
			buildActionMask = 2147483647;
			files = (
			);
			runOnlyForDeploymentPostprocessing = 0;
		};
/* End PBXFrameworksBuildPhase section */

/* Begin PBXGroup section */
		11355F532FE632E700C5FB1B = {
			isa = PBXGroup;
			children = (
				11355F822FE649BD00C5FB1B /* docs */,
				11355F802FE6483500C5FB1B /* README.md */,
				11355F972FE64DF200C5FB1B /* Assets.xcassets */,
				11355F982FE64DF200C5FB1B /* GuiaTVApp.swift */,
				11355F9A2FE64DF200C5FB1B /* Models */,
				11355F9C2FE64DF200C5FB1B /* Services */,
				11355F9E2FE64DF200C5FB1B /* ViewModels */,
				11355FA72FE64E6F00C5FB1B /* Views */,
				118FD7BD2FE73C9C0085AF65 /* GuiaTV.app */,
				11956B682FE76BA2004345E1 /* GuiaTVTests.xctest */,
				11956B692FE76BA2004345E1 /* GuiaTVTests */,
			);
			sourceTree = "<group>";
		};
		11355F9A2FE64DF200C5FB1B /* Models */ = {
			isa = PBXGroup;
			children = (
				116568042FE740C600314008 /* TVServiceError.swift */,
				11355F992FE64DF200C5FB1B /* TVProgram.swift */,
				1165680F2FE7416000314008 /* TVMazeScheduleItem.swift */,
			);
			path = Models;
			sourceTree = "<group>";
		};
		11355F9C2FE64DF200C5FB1B /* Services */ = {
			isa = PBXGroup;
			children = (
				116568062FE740DB00314008 /* CacheService.swift */,
				116568072FE740DB00314008 /* DependencyContainer.swift */,
				11355F9B2FE64DF200C5FB1B /* TVService.swift */,
			);
			path = Services;
			sourceTree = "<group>";
		};
		11355F9E2FE64DF200C5FB1B /* ViewModels */ = {
			isa = PBXGroup;
			children = (
				11355F9D2FE64DF200C5FB1B /* TVGuideViewModel.swift */,
			);
			path = ViewModels;
			sourceTree = "<group>";
		};
		11355FA72FE64E6F00C5FB1B /* Views */ = {
			isa = PBXGroup;
			children = (
				1165680A2FE7415600314008 /* EmptyStateView.swift */,
				1165680B2FE7415600314008 /* SkeletonLoadingView.swift */,
				11355FAB2FE6CC3C00C5FB1B /* String+Extensions.swift */,
				11355FA92FE6C8DA00C5FB1B /* ProgramDetailView.swift */,
				11355FA62FE64E6F00C5FB1B /* ContentView.swift */,
			);
			path = Views;
			sourceTree = "<group>";
		};
/* End PBXGroup section */

/* Begin PBXNativeTarget section */
		11355F5B2FE632E700C5FB1B /* Guia TV */ = {
			isa = PBXNativeTarget;
			buildConfigurationList = 11355F672FE632E900C5FB1B /* Build configuration list for PBXNativeTarget "Guia TV" */;
			buildPhases = (
				11355F582FE632E700C5FB1B /* Sources */,
				11355F592FE632E700C5FB1B /* Frameworks */,
				11355F5A2FE632E700C5FB1B /* Resources */,
			);
			buildRules = (
			);
			dependencies = (
			);
			fileSystemSynchronizedGroups = (
				11355F822FE649BD00C5FB1B /* docs */,
			);
			name = "Guia TV";
			packageProductDependencies = (
			);
			productName = "Guía TV";
			productReference = 118FD7BD2FE73C9C0085AF65 /* GuiaTV.app */;
			productType = "com.apple.product-type.application";
		};
		11956B672FE76BA2004345E1 /* GuiaTVTests */ = {
			isa = PBXNativeTarget;
			buildConfigurationList = 11956B6E2FE76BA3004345E1 /* Build configuration list for PBXNativeTarget "GuiaTVTests" */;
			buildPhases = (
				11956B642FE76BA2004345E1 /* Sources */,
				11956B652FE76BA2004345E1 /* Frameworks */,
				11956B662FE76BA2004345E1 /* Resources */,
			);
			buildRules = (
			);
			dependencies = (
				11956B6D2FE76BA3004345E1 /* PBXTargetDependency */,
			);
			fileSystemSynchronizedGroups = (
				11956B692FE76BA2004345E1 /* GuiaTVTests */,
			);
			name = GuiaTVTests;
			packageProductDependencies = (
			);
			productName = GuiaTVTests;
			productReference = 11956B682FE76BA2004345E1 /* GuiaTVTests.xctest */;
			productType = "com.apple.product-type.bundle.unit-test";
		};
/* End PBXNativeTarget section */

/* Begin PBXProject section */
		11355F542FE632E700C5FB1B /* Project object */ = {
			isa = PBXProject;
			attributes = {
				BuildIndependentTargetsInParallel = 1;
				LastSwiftUpdateCheck = 1640;
				LastUpgradeCheck = 1640;
				TargetAttributes = {
					11355F5B2FE632E700C5FB1B = {
						CreatedOnToolsVersion = 16.4;
					};
					11956B672FE76BA2004345E1 = {
						CreatedOnToolsVersion = 16.4;
						TestTargetID = 11355F5B2FE632E700C5FB1B;
					};
				};
			};
			buildConfigurationList = 11355F572FE632E700C5FB1B /* Build configuration list for PBXProject "Guía TV" */;
			developmentRegion = en;
			hasScannedForEncodings = 0;
			knownRegions = (
				en,
				Base,
			);
			mainGroup = 11355F532FE632E700C5FB1B;
			minimizedProjectReferenceProxies = 1;
			preferredProjectObjectVersion = 77;
			productRefGroup = 11355F532FE632E700C5FB1B;
			projectDirPath = "";
			projectRoot = "";
			targets = (
				11355F5B2FE632E700C5FB1B /* Guia TV */,
				11956B672FE76BA2004345E1 /* GuiaTVTests */,
			);
		};
/* End PBXProject section */

/* Begin PBXResourcesBuildPhase section */
		11355F5A2FE632E700C5FB1B /* Resources */ = {
			isa = PBXResourcesBuildPhase;
			buildActionMask = 2147483647;
			files = (
				11355F812FE6483500C5FB1B /* README.md in Resources */,
				11355F9F2FE64DF200C5FB1B /* Assets.xcassets in Resources */,
			);
			runOnlyForDeploymentPostprocessing = 0;
		};
		11956B662FE76BA2004345E1 /* Resources */ = {
			isa = PBXResourcesBuildPhase;
			buildActionMask = 2147483647;
			files = (
			);
			runOnlyForDeploymentPostprocessing = 0;
		};
/* End PBXResourcesBuildPhase section */

/* Begin PBXSourcesBuildPhase section */
		11355F582FE632E700C5FB1B /* Sources */ = {
			isa = PBXSourcesBuildPhase;
			buildActionMask = 2147483647;
			files = (
				11355FA02FE64DF200C5FB1B /* TVGuideViewModel.swift in Sources */,
				11355FAC2FE6CC3C00C5FB1B /* String+Extensions.swift in Sources */,
				1165680C2FE7415600314008 /* SkeletonLoadingView.swift in Sources */,
				1165680D2FE7415600314008 /* EmptyStateView.swift in Sources */,
				11355FA82FE64E6F00C5FB1B /* ContentView.swift in Sources */,
				11355FAA2FE6C8E100C5FB1B /* ProgramDetailView.swift in Sources */,
				116568052FE740C600314008 /* TVServiceError.swift in Sources */,
				116568082FE740DB00314008 /* CacheService.swift in Sources */,
				116568092FE740DB00314008 /* DependencyContainer.swift in Sources */,
				11355FA12FE64DF200C5FB1B /* TVService.swift in Sources */,
				11355FA22FE64DF200C5FB1B /* GuiaTVApp.swift in Sources */,
				11355FA32FE64DF200C5FB1B /* TVProgram.swift in Sources */,
				1165680E2FE7416000314008 /* TVMazeScheduleItem.swift in Sources */,
			);
			runOnlyForDeploymentPostprocessing = 0;
		};
		11956B642FE76BA2004345E1 /* Sources */ = {
			isa = PBXSourcesBuildPhase;
			buildActionMask = 2147483647;
			files = (
			);
			runOnlyForDeploymentPostprocessing = 0;
		};
/* End PBXSourcesBuildPhase section */

/* Begin PBXTargetDependency section */
		11956B6D2FE76BA3004345E1 /* PBXTargetDependency */ = {
			isa = PBXTargetDependency;
			target = 11355F5B2FE632E700C5FB1B /* Guia TV */;
			targetProxy = 11956B6C2FE76BA3004345E1 /* PBXContainerItemProxy */;
		};
/* End PBXTargetDependency section */

/* Begin XCBuildConfiguration section */
		11355F652FE632E900C5FB1B /* Debug */ = {
			isa = XCBuildConfiguration;
			buildSettings = {
				ALWAYS_SEARCH_USER_PATHS = NO;
				ASSETCATALOG_COMPILER_GENERATE_SWIFT_ASSET_SYMBOL_EXTENSIONS = YES;
				CLANG_ANALYZER_NONNULL = YES;
				CLANG_ANALYZER_NUMBER_OBJECT_CONVERSION = YES_AGGRESSIVE;
				CLANG_CXX_LANGUAGE_STANDARD = "gnu++20";
				CLANG_ENABLE_MODULES = YES;
				CLANG_ENABLE_OBJC_ARC = YES;
				CLANG_ENABLE_OBJC_WEAK = YES;
				CLANG_WARN_BLOCK_CAPTURE_AUTORELEASING = YES;
				CLANG_WARN_BOOL_CONVERSION = YES;
				CLANG_WARN_COMMA = YES;
				CLANG_WARN_CONSTANT_CONVERSION = YES;
				CLANG_WARN_DEPRECATED_OBJC_IMPLEMENTATIONS = YES;
				CLANG_WARN_DIRECT_OBJC_ISA_USAGE = YES_ERROR;
				CLANG_WARN_DOCUMENTATION_COMMENTS = YES;
				CLANG_WARN_EMPTY_BODY = YES;
				CLANG_WARN_ENUM_CONVERSION = YES;
				CLANG_WARN_INFINITE_RECURSION = YES;
				CLANG_WARN_INT_CONVERSION = YES;
				CLANG_WARN_NON_LITERAL_NULL_CONVERSION = YES;
				CLANG_WARN_OBJC_IMPLICIT_RETAIN_SELF = YES;
				CLANG_WARN_OBJC_LITERAL_CONVERSION = YES;
				CLANG_WARN_OBJC_ROOT_CLASS = YES_ERROR;
				CLANG_WARN_QUOTED_INCLUDE_IN_FRAMEWORK_HEADER = YES;
				CLANG_WARN_RANGE_LOOP_ANALYSIS = YES;
				CLANG_WARN_STRICT_PROTOTYPES = YES;
				CLANG_WARN_SUSPICIOUS_MOVE = YES;
				CLANG_WARN_UNGUARDED_AVAILABILITY = YES_AGGRESSIVE;
				CLANG_WARN_UNREACHABLE_CODE = YES;
				CLANG_WARN__DUPLICATE_METHOD_MATCH = YES;
				COPY_PHASE_STRIP = NO;
				DEBUG_INFORMATION_FORMAT = dwarf;
				DEVELOPMENT_TEAM = JBGR53Y6QY;
				ENABLE_STRICT_OBJC_MSGSEND = YES;
				ENABLE_TESTABILITY = YES;
				ENABLE_USER_SCRIPT_SANDBOXING = YES;
				GCC_C_LANGUAGE_STANDARD = gnu17;
				GCC_DYNAMIC_NO_PIC = NO;
				GCC_NO_COMMON_BLOCKS = YES;
				GCC_OPTIMIZATION_LEVEL = 0;
				GCC_PREPROCESSOR_DEFINITIONS = (
					"DEBUG=1",
					"$(inherited)",
				);
				GCC_WARN_64_TO_32_BIT_CONVERSION = YES;
				GCC_WARN_ABOUT_RETURN_TYPE = YES_ERROR;
				GCC_WARN_UNDECLARED_SELECTOR = YES;
				GCC_WARN_UNINITIALIZED_AUTOS = YES_AGGRESSIVE;
				GCC_WARN_UNUSED_FUNCTION = YES;
				GCC_WARN_UNUSED_VARIABLE = YES;
				IPHONEOS_DEPLOYMENT_TARGET = 18.5;
				LOCALIZATION_PREFERS_STRING_CATALOGS = YES;
				MTL_ENABLE_DEBUG_INFO = INCLUDE_SOURCE;
				MTL_FAST_MATH = YES;
				ONLY_ACTIVE_ARCH = YES;
				SDKROOT = iphoneos;
				SWIFT_ACTIVE_COMPILATION_CONDITIONS = "DEBUG $(inherited)";
				SWIFT_OPTIMIZATION_LEVEL = "-Onone";
			};
			name = Debug;
		};
		11355F662FE632E900C5FB1B /* Release */ = {
			isa = XCBuildConfiguration;
			buildSettings = {
				ALWAYS_SEARCH_USER_PATHS = NO;
				ASSETCATALOG_COMPILER_GENERATE_SWIFT_ASSET_SYMBOL_EXTENSIONS = YES;
				CLANG_ANALYZER_NONNULL = YES;
				CLANG_ANALYZER_NUMBER_OBJECT_CONVERSION = YES_AGGRESSIVE;
				CLANG_CXX_LANGUAGE_STANDARD = "gnu++20";
				CLANG_ENABLE_MODULES = YES;
				CLANG_ENABLE_OBJC_ARC = YES;
				CLANG_ENABLE_OBJC_WEAK = YES;
				CLANG_WARN_BLOCK_CAPTURE_AUTORELEASING = YES;
				CLANG_WARN_BOOL_CONVERSION = YES;
				CLANG_WARN_COMMA = YES;
				CLANG_WARN_CONSTANT_CONVERSION = YES;
				CLANG_WARN_DEPRECATED_OBJC_IMPLEMENTATIONS = YES;
				CLANG_WARN_DIRECT_OBJC_ISA_USAGE = YES_ERROR;
				CLANG_WARN_DOCUMENTATION_COMMENTS = YES;
				CLANG_WARN_EMPTY_BODY = YES;
				CLANG_WARN_ENUM_CONVERSION = YES;
				CLANG_WARN_INFINITE_RECURSION = YES;
				CLANG_WARN_INT_CONVERSION = YES;
				CLANG_WARN_NON_LITERAL_NULL_CONVERSION = YES;
				CLANG_WARN_OBJC_IMPLICIT_RETAIN_SELF = YES;
				CLANG_WARN_OBJC_LITERAL_CONVERSION = YES;
				CLANG_WARN_OBJC_ROOT_CLASS = YES_ERROR;
				CLANG_WARN_QUOTED_INCLUDE_IN_FRAMEWORK_HEADER = YES;
				CLANG_WARN_RANGE_LOOP_ANALYSIS = YES;
				CLANG_WARN_STRICT_PROTOTYPES = YES;
				CLANG_WARN_SUSPICIOUS_MOVE = YES;
				CLANG_WARN_UNGUARDED_AVAILABILITY = YES_AGGRESSIVE;
				CLANG_WARN_UNREACHABLE_CODE = YES;
				CLANG_WARN__DUPLICATE_METHOD_MATCH = YES;
				COPY_PHASE_STRIP = NO;
				DEBUG_INFORMATION_FORMAT = "dwarf-with-dsym";
				DEVELOPMENT_TEAM = JBGR53Y6QY;
				ENABLE_NS_ASSERTIONS = NO;
				ENABLE_STRICT_OBJC_MSGSEND = YES;
				ENABLE_USER_SCRIPT_SANDBOXING = YES;
				GCC_C_LANGUAGE_STANDARD = gnu17;
				GCC_NO_COMMON_BLOCKS = YES;
				GCC_WARN_64_TO_32_BIT_CONVERSION = YES;
				GCC_WARN_ABOUT_RETURN_TYPE = YES_ERROR;
				GCC_WARN_UNDECLARED_SELECTOR = YES;
				GCC_WARN_UNINITIALIZED_AUTOS = YES_AGGRESSIVE;
				GCC_WARN_UNUSED_FUNCTION = YES;
				GCC_WARN_UNUSED_VARIABLE = YES;
				IPHONEOS_DEPLOYMENT_TARGET = 18.5;
				LOCALIZATION_PREFERS_STRING_CATALOGS = YES;
				MTL_ENABLE_DEBUG_INFO = NO;
				MTL_FAST_MATH = YES;
				SDKROOT = iphoneos;
				SWIFT_COMPILATION_MODE = wholemodule;
				VALIDATE_PRODUCT = YES;
			};
			name = Release;
		};
		11355F682FE632E900C5FB1B /* Debug */ = {
			isa = XCBuildConfiguration;
			buildSettings = {
				ASSETCATALOG_COMPILER_APPICON_NAME = AppIcon;
				ASSETCATALOG_COMPILER_GLOBAL_ACCENT_COLOR_NAME = AccentColor;
				CODE_SIGN_STYLE = Automatic;
				CURRENT_PROJECT_VERSION = 1;
				DEVELOPMENT_TEAM = JBGR53Y6QY;
				ENABLE_PREVIEWS = YES;
				GENERATE_INFOPLIST_FILE = YES;
				INFOPLIST_KEY_UIApplicationSceneManifest_Generation = YES;
				INFOPLIST_KEY_UIApplicationSupportsIndirectInputEvents = YES;
				INFOPLIST_KEY_UILaunchScreen_Generation = YES;
				INFOPLIST_KEY_UISupportedInterfaceOrientations_iPad = "UIInterfaceOrientationPortrait UIInterfaceOrientationPortraitUpsideDown UIInterfaceOrientationLandscapeLeft UIInterfaceOrientationLandscapeRight";
				INFOPLIST_KEY_UISupportedInterfaceOrientations_iPhone = "UIInterfaceOrientationPortrait UIInterfaceOrientationLandscapeLeft UIInterfaceOrientationLandscapeRight";
				LD_RUNPATH_SEARCH_PATHS = (
					"$(inherited)",
					"@executable_path/Frameworks",
				);
				MARKETING_VERSION = 1.0;
				PRODUCT_BUNDLE_IDENTIFIER = "cl.claudiocat.Gui-a-TV";
				PRODUCT_MODULE_NAME = GuiaTV;
				PRODUCT_NAME = GuiaTV;
				SWIFT_EMIT_LOC_STRINGS = YES;
				SWIFT_VERSION = 5.0;
				TARGETED_DEVICE_FAMILY = "1,2";
			};
			name = Debug;
		};
		11355F692FE632E900C5FB1B /* Release */ = {
			isa = XCBuildConfiguration;
			buildSettings = {
				ASSETCATALOG_COMPILER_APPICON_NAME = AppIcon;
				ASSETCATALOG_COMPILER_GLOBAL_ACCENT_COLOR_NAME = AccentColor;
				CODE_SIGN_STYLE = Automatic;
				CURRENT_PROJECT_VERSION = 1;
				DEVELOPMENT_TEAM = JBGR53Y6QY;
				ENABLE_PREVIEWS = YES;
				GENERATE_INFOPLIST_FILE = YES;
				INFOPLIST_KEY_UIApplicationSceneManifest_Generation = YES;
				INFOPLIST_KEY_UIApplicationSupportsIndirectInputEvents = YES;
				INFOPLIST_KEY_UILaunchScreen_Generation = YES;
				INFOPLIST_KEY_UISupportedInterfaceOrientations_iPad = "UIInterfaceOrientationPortrait UIInterfaceOrientationPortraitUpsideDown UIInterfaceOrientationLandscapeLeft UIInterfaceOrientationLandscapeRight";
				INFOPLIST_KEY_UISupportedInterfaceOrientations_iPhone = "UIInterfaceOrientationPortrait UIInterfaceOrientationLandscapeLeft UIInterfaceOrientationLandscapeRight";
				LD_RUNPATH_SEARCH_PATHS = (
					"$(inherited)",
					"@executable_path/Frameworks",
				);
				MARKETING_VERSION = 1.0;
				PRODUCT_BUNDLE_IDENTIFIER = "cl.claudiocat.Gui-a-TV";
				PRODUCT_MODULE_NAME = GuiaTV;
				PRODUCT_NAME = GuiaTV;
				SWIFT_EMIT_LOC_STRINGS = YES;
				SWIFT_VERSION = 5.0;
				TARGETED_DEVICE_FAMILY = "1,2";
			};
			name = Release;
		};
		11956B6F2FE76BA3004345E1 /* Debug */ = {
			isa = XCBuildConfiguration;
			buildSettings = {
				BUNDLE_LOADER = "$(TEST_HOST)";
				CODE_SIGN_STYLE = Automatic;
				CURRENT_PROJECT_VERSION = 1;
				DEVELOPMENT_TEAM = JBGR53Y6QY;
				GENERATE_INFOPLIST_FILE = YES;
				MARKETING_VERSION = 1.0;
				PRODUCT_BUNDLE_IDENTIFIER = cl.claudiocat.GuiaTVTests;
				PRODUCT_NAME = "$(TARGET_NAME)";
				SWIFT_EMIT_LOC_STRINGS = NO;
				SWIFT_VERSION = 5.0;
				TARGETED_DEVICE_FAMILY = "1,2";
				TEST_HOST = "$(BUILT_PRODUCTS_DIR)/GuiaTV.app/$(BUNDLE_EXECUTABLE_FOLDER_PATH)/GuiaTV";
			};
			name = Debug;
		};
		11956B702FE76BA3004345E1 /* Release */ = {
			isa = XCBuildConfiguration;
			buildSettings = {
				BUNDLE_LOADER = "$(TEST_HOST)";
				CODE_SIGN_STYLE = Automatic;
				CURRENT_PROJECT_VERSION = 1;
				DEVELOPMENT_TEAM = JBGR53Y6QY;
				GENERATE_INFOPLIST_FILE = YES;
				MARKETING_VERSION = 1.0;
				PRODUCT_BUNDLE_IDENTIFIER = cl.claudiocat.GuiaTVTests;
				PRODUCT_NAME = "$(TARGET_NAME)";
				SWIFT_EMIT_LOC_STRINGS = NO;
				SWIFT_VERSION = 5.0;
				TARGETED_DEVICE_FAMILY = "1,2";
				TEST_HOST = "$(BUILT_PRODUCTS_DIR)/GuiaTV.app/$(BUNDLE_EXECUTABLE_FOLDER_PATH)/GuiaTV";
			};
			name = Release;
		};
/* End XCBuildConfiguration section */

/* Begin XCConfigurationList section */
		11355F572FE632E700C5FB1B /* Build configuration list for PBXProject "Guía TV" */ = {
			isa = XCConfigurationList;
			buildConfigurations = (
				11355F652FE632E900C5FB1B /* Debug */,
				11355F662FE632E900C5FB1B /* Release */,
			);
			defaultConfigurationIsVisible = 0;
			defaultConfigurationName = Release;
		};
		11355F672FE632E900C5FB1B /* Build configuration list for PBXNativeTarget "Guia TV" */ = {
			isa = XCConfigurationList;
			buildConfigurations = (
				11355F682FE632E900C5FB1B /* Debug */,
				11355F692FE632E900C5FB1B /* Release */,
			);
			defaultConfigurationIsVisible = 0;
			defaultConfigurationName = Release;
		};
		11956B6E2FE76BA3004345E1 /* Build configuration list for PBXNativeTarget "GuiaTVTests" */ = {
			isa = XCConfigurationList;
			buildConfigurations = (
				11956B6F2FE76BA3004345E1 /* Debug */,
				11956B702FE76BA3004345E1 /* Release */,
			);
			defaultConfigurationIsVisible = 0;
			defaultConfigurationName = Release;
		};
/* End XCConfigurationList section */
	};
	rootObject = 11355F542FE632E700C5FB1B /* Project object */;
}
